
Microsoft Visual Studio Solution File, Format Version 12.00
# Visual Studio Version 17
VisualStudioVersion = 17.5.33530.505
MinimumVisualStudioVersion = 10.0.40219.1
Project("{FAE04EC0-301F-11D3-BF4B-00C04F79EFBC}") = "CLI_CRUD_Cassandra", "CLI_CRUD_Cassandra.csproj", "{924B7A2D-B22D-45AF-8684-5886E04DCCE2}"
EndProject
Global
	GlobalSection(SolutionConfigurationPlatforms) = preSolution
		Debug|Any CPU = Debug|Any CPU
		Release|Any CPU = Release|Any CPU
	EndGlobalSection
	GlobalSection(ProjectConfigurationPlatforms) = postSolution
		{924B7A2D-B22D-45AF-8684-5886E04DCCE2}.Debug|Any CPU.ActiveCfg = Debug|Any CPU
		{924B7A2D-B22D-45AF-8684-5886E04DCCE2}.Debug|Any CPU.Build.0 = Debug|Any CPU
		{924B7A2D-B22D-45AF-8684-5886E04DCCE2}.Release|Any CPU.ActiveCfg = Release|Any CPU
		{924B7A2D-B22D-45AF-8684-5886E04DCCE2}.Release|Any CPU.Build.0 = Release|Any CPU
	EndGlobalSection
	GlobalSection(SolutionProperties) = preSolution
		HideSolutionNode = FALSE
	EndGlobalSection
	GlobalSection(ExtensibilityGlobals) = postSolution
		SolutionGuid = {7CA9913F-2B21-49FC-B3EA-F980478B67D4}
	EndGlobalSection
EndGlobal
